
Microsoft Visual Studio Solution File, Format Version 12.00
# Visual Studio 15
VisualStudioVersion = 15.0.28307.329
MinimumVisualStudioVersion = 10.0.40219.1
Project("{FAE04EC0-301F-11D3-BF4B-00C04F79EFBC}") = "text adventure game part 6- login", "text adventure game part 6- login\text adventure game part 6- login.csproj", "{BDF25AEC-C981-4A03-AB5C-1FF6399B11DA}"
EndProject
Global
	GlobalSection(SolutionConfigurationPlatforms) = preSolution
		Debug|Any CPU = Debug|Any CPU
		Release|Any CPU = Release|Any CPU
	EndGlobalSection
	GlobalSection(ProjectConfigurationPlatforms) = postSolution
		{BDF25AEC-C981-4A03-AB5C-1FF6399B11DA}.Debug|Any CPU.ActiveCfg = Debug|Any CPU
		{BDF25AEC-C981-4A03-AB5C-1FF6399B11DA}.Debug|Any CPU.Build.0 = Debug|Any CPU
		{BDF25AEC-C981-4A03-AB5C-1FF6399B11DA}.Release|Any CPU.ActiveCfg = Release|Any CPU
		{BDF25AEC-C981-4A03-AB5C-1FF6399B11DA}.Release|Any CPU.Build.0 = Release|Any CPU
	EndGlobalSection
	GlobalSection(SolutionProperties) = preSolution
		HideSolutionNode = FALSE
	EndGlobalSection
	GlobalSection(ExtensibilityGlobals) = postSolution
		SolutionGuid = {9A5A6727-5B5D-4AFE-ABA3-4782A9CC1DCE}
	EndGlobalSection
EndGlobal
