
Microsoft Visual Studio Solution File, Format Version 12.00
# Visual Studio 15
VisualStudioVersion = 15.0.28307.329
MinimumVisualStudioVersion = 10.0.40219.1
Project("{FAE04EC0-301F-11D3-BF4B-00C04F79EFBC}") = "text adventure game part 3 -iteration", "text adventure game part 3 -iteration\text adventure game part 3 -iteration.csproj", "{8A65AE18-B8F1-4C6E-9A43-F1584D1501EE}"
EndProject
Global
	GlobalSection(SolutionConfigurationPlatforms) = preSolution
		Debug|Any CPU = Debug|Any CPU
		Release|Any CPU = Release|Any CPU
	EndGlobalSection
	GlobalSection(ProjectConfigurationPlatforms) = postSolution
		{8A65AE18-B8F1-4C6E-9A43-F1584D1501EE}.Debug|Any CPU.ActiveCfg = Debug|Any CPU
		{8A65AE18-B8F1-4C6E-9A43-F1584D1501EE}.Debug|Any CPU.Build.0 = Debug|Any CPU
		{8A65AE18-B8F1-4C6E-9A43-F1584D1501EE}.Release|Any CPU.ActiveCfg = Release|Any CPU
		{8A65AE18-B8F1-4C6E-9A43-F1584D1501EE}.Release|Any CPU.Build.0 = Release|Any CPU
	EndGlobalSection
	GlobalSection(SolutionProperties) = preSolution
		HideSolutionNode = FALSE
	EndGlobalSection
	GlobalSection(ExtensibilityGlobals) = postSolution
		SolutionGuid = {ADA28CB9-6FED-44B3-864E-858F7D032AA5}
	EndGlobalSection
EndGlobal
