
Microsoft Visual Studio Solution File, Format Version 12.00
# Visual Studio 15
VisualStudioVersion = 15.0.28307.329
MinimumVisualStudioVersion = 10.0.40219.1
Project("{FAE04EC0-301F-11D3-BF4B-00C04F79EFBC}") = "text adventure game par four- inventory", "text adventure game par four- inventory\text adventure game par four- inventory.csproj", "{C3713192-AEBA-4FC8-B65E-FCCF51452FDD}"
EndProject
Global
	GlobalSection(SolutionConfigurationPlatforms) = preSolution
		Debug|Any CPU = Debug|Any CPU
		Release|Any CPU = Release|Any CPU
	EndGlobalSection
	GlobalSection(ProjectConfigurationPlatforms) = postSolution
		{C3713192-AEBA-4FC8-B65E-FCCF51452FDD}.Debug|Any CPU.ActiveCfg = Debug|Any CPU
		{C3713192-AEBA-4FC8-B65E-FCCF51452FDD}.Debug|Any CPU.Build.0 = Debug|Any CPU
		{C3713192-AEBA-4FC8-B65E-FCCF51452FDD}.Release|Any CPU.ActiveCfg = Release|Any CPU
		{C3713192-AEBA-4FC8-B65E-FCCF51452FDD}.Release|Any CPU.Build.0 = Release|Any CPU
	EndGlobalSection
	GlobalSection(SolutionProperties) = preSolution
		HideSolutionNode = FALSE
	EndGlobalSection
	GlobalSection(ExtensibilityGlobals) = postSolution
		SolutionGuid = {75DB144A-A7A5-4A3B-92D0-C2C02E66CF7B}
	EndGlobalSection
EndGlobal
